
Microsoft Visual Studio Solution File, Format Version 12.00
# Visual Studio 2012
Project("{FAE04EC0-301F-11D3-BF4B-00C04F79EFBC}") = "test car", "test car\test car.csproj", "{70513C14-61F3-4990-B789-E4C94EB3CC0E}"
EndProject
Global
	GlobalSection(SolutionConfigurationPlatforms) = preSolution
		Debug|Any CPU = Debug|Any CPU
		Release|Any CPU = Release|Any CPU
	EndGlobalSection
	GlobalSection(ProjectConfigurationPlatforms) = postSolution
		{70513C14-61F3-4990-B789-E4C94EB3CC0E}.Debug|Any CPU.ActiveCfg = Debug|Any CPU
		{70513C14-61F3-4990-B789-E4C94EB3CC0E}.Debug|Any CPU.Build.0 = Debug|Any CPU
		{70513C14-61F3-4990-B789-E4C94EB3CC0E}.Release|Any CPU.ActiveCfg = Release|Any CPU
		{70513C14-61F3-4990-B789-E4C94EB3CC0E}.Release|Any CPU.Build.0 = Release|Any CPU
	EndGlobalSection
	GlobalSection(SolutionProperties) = preSolution
		HideSolutionNode = FALSE
	EndGlobalSection
EndGlobal
